
Microsoft Visual Studio Solution File, Format Version 12.00
# Visual Studio Version 16
VisualStudioVersion = 16.0.30907.101
MinimumVisualStudioVersion = 10.0.40219.1
Project("{9A19103F-16F7-4668-BE54-9A1E7A4F7556}") = "CampIntro", "CampIntro\CampIntro.csproj", "{FF9FF0BB-41B1-4DF1-9E05-542DA2A91557}"
EndProject
Project("{9A19103F-16F7-4668-BE54-9A1E7A4F7556}") = "Donguler", "Donguler\Donguler.csproj", "{0EDCC0B2-8F72-4A73-8FCC-03EFF0A66E31}"
EndProject
Project("{9A19103F-16F7-4668-BE54-9A1E7A4F7556}") = "ClassIntro", "ClassIntro\ClassIntro.csproj", "{6B63D6AD-2BC7-41B7-BC3A-74A15B4ECF53}"
EndProject
Project("{FAE04EC0-301F-11D3-BF4B-00C04F79EFBC}") = "Metodlar", "Metodlar\Metodlar.csproj", "{AAEEDF11-79B8-4072-9127-E8319FE2D273}"
EndProject
Project("{FAE04EC0-301F-11D3-BF4B-00C04F79EFBC}") = "Matematik", "Matematik\Matematik.csproj", "{A7D2A7CD-FD89-4FF4-A933-2C9F57E4113F}"
EndProject
Global
	GlobalSection(SolutionConfigurationPlatforms) = preSolution
		Debug|Any CPU = Debug|Any CPU
		Release|Any CPU = Release|Any CPU
	EndGlobalSection
	GlobalSection(ProjectConfigurationPlatforms) = postSolution
		{FF9FF0BB-41B1-4DF1-9E05-542DA2A91557}.Debug|Any CPU.ActiveCfg = Debug|Any CPU
		{FF9FF0BB-41B1-4DF1-9E05-542DA2A91557}.Debug|Any CPU.Build.0 = Debug|Any CPU
		{FF9FF0BB-41B1-4DF1-9E05-542DA2A91557}.Release|Any CPU.ActiveCfg = Release|Any CPU
		{FF9FF0BB-41B1-4DF1-9E05-542DA2A91557}.Release|Any CPU.Build.0 = Release|Any CPU
		{0EDCC0B2-8F72-4A73-8FCC-03EFF0A66E31}.Debug|Any CPU.ActiveCfg = Debug|Any CPU
		{0EDCC0B2-8F72-4A73-8FCC-03EFF0A66E31}.Debug|Any CPU.Build.0 = Debug|Any CPU
		{0EDCC0B2-8F72-4A73-8FCC-03EFF0A66E31}.Release|Any CPU.ActiveCfg = Release|Any CPU
		{0EDCC0B2-8F72-4A73-8FCC-03EFF0A66E31}.Release|Any CPU.Build.0 = Release|Any CPU
		{6B63D6AD-2BC7-41B7-BC3A-74A15B4ECF53}.Debug|Any CPU.ActiveCfg = Debug|Any CPU
		{6B63D6AD-2BC7-41B7-BC3A-74A15B4ECF53}.Debug|Any CPU.Build.0 = Debug|Any CPU
		{6B63D6AD-2BC7-41B7-BC3A-74A15B4ECF53}.Release|Any CPU.ActiveCfg = Release|Any CPU
		{6B63D6AD-2BC7-41B7-BC3A-74A15B4ECF53}.Release|Any CPU.Build.0 = Release|Any CPU
		{AAEEDF11-79B8-4072-9127-E8319FE2D273}.Debug|Any CPU.ActiveCfg = Debug|Any CPU
		{AAEEDF11-79B8-4072-9127-E8319FE2D273}.Debug|Any CPU.Build.0 = Debug|Any CPU
		{AAEEDF11-79B8-4072-9127-E8319FE2D273}.Release|Any CPU.ActiveCfg = Release|Any CPU
		{AAEEDF11-79B8-4072-9127-E8319FE2D273}.Release|Any CPU.Build.0 = Release|Any CPU
		{A7D2A7CD-FD89-4FF4-A933-2C9F57E4113F}.Debug|Any CPU.ActiveCfg = Debug|Any CPU
		{A7D2A7CD-FD89-4FF4-A933-2C9F57E4113F}.Debug|Any CPU.Build.0 = Debug|Any CPU
		{A7D2A7CD-FD89-4FF4-A933-2C9F57E4113F}.Release|Any CPU.ActiveCfg = Release|Any CPU
		{A7D2A7CD-FD89-4FF4-A933-2C9F57E4113F}.Release|Any CPU.Build.0 = Release|Any CPU
	EndGlobalSection
	GlobalSection(SolutionProperties) = preSolution
		HideSolutionNode = FALSE
	EndGlobalSection
	GlobalSection(ExtensibilityGlobals) = postSolution
		SolutionGuid = {0A9F9368-46D3-46D7-901E-D25DC557F9AE}
	EndGlobalSection
EndGlobal
